
Microsoft Visual Studio Solution File, Format Version 12.00
# Visual Studio Version 16
VisualStudioVersion = 16.0.29326.143
MinimumVisualStudioVersion = 10.0.40219.1
Project("{FAE04EC0-301F-11D3-BF4B-00C04F79EFBC}") = "Jojjenum_Site", "Jojjenum_Site\Jojjenum_Site.csproj", "{BB8B4DC4-60A7-4ABC-A7CB-38498F843725}"
EndProject
Global
	GlobalSection(SolutionConfigurationPlatforms) = preSolution
		Debug|Any CPU = Debug|Any CPU
		Release|Any CPU = Release|Any CPU
	EndGlobalSection
	GlobalSection(ProjectConfigurationPlatforms) = postSolution
		{BB8B4DC4-60A7-4ABC-A7CB-38498F843725}.Debug|Any CPU.ActiveCfg = Debug|Any CPU
		{BB8B4DC4-60A7-4ABC-A7CB-38498F843725}.Debug|Any CPU.Build.0 = Debug|Any CPU
		{BB8B4DC4-60A7-4ABC-A7CB-38498F843725}.Release|Any CPU.ActiveCfg = Release|Any CPU
		{BB8B4DC4-60A7-4ABC-A7CB-38498F843725}.Release|Any CPU.Build.0 = Release|Any CPU
	EndGlobalSection
	GlobalSection(SolutionProperties) = preSolution
		HideSolutionNode = FALSE
	EndGlobalSection
	GlobalSection(ExtensibilityGlobals) = postSolution
		SolutionGuid = {09858F61-7FC5-4F99-A977-6F6F554A7970}
	EndGlobalSection
EndGlobal
